
Microsoft Visual Studio Solution File, Format Version 12.00
# Visual Studio 14
VisualStudioVersion = 14.0.25123.0
MinimumVisualStudioVersion = 10.0.40219.1
Project("{8BC9CEB8-8B4A-11D0-8D11-00A0C91BC942}") = "Utils", "Utils.vcxproj", "{E0AB2794-55F4-4422-9028-9FFCA8FDAC59}"
EndProject
Project("{8BC9CEB8-8B4A-11D0-8D11-00A0C91BC942}") = "HashUtils", "HashUtils\HashUtils.vcxproj", "{20E69F6A-6870-4D17-AF65-ED9AFE177B24}"
EndProject
Project("{8BC9CEB8-8B4A-11D0-8D11-00A0C91BC942}") = "StringUtils", "StringUtils\StringUtils.vcxproj", "{2AC8E46C-1F62-4A6B-8FF1-C1CD5A752E7C}"
EndProject
Project("{8BC9CEB8-8B4A-11D0-8D11-00A0C91BC942}") = "DBUtils", "DBUtils\DBUtils.vcxproj", "{56DBA40F-5C9A-4EDE-8D5C-A8ECFF295542}"
EndProject
Project("{8BC9CEB8-8B4A-11D0-8D11-00A0C91BC942}") = "LogUtils", "LogUtils\LogUtils.vcxproj", "{FA0456E7-0D61-4810-BC94-FB2EB9D6E2E0}"
EndProject
Project("{8BC9CEB8-8B4A-11D0-8D11-00A0C91BC942}") = "WindowsUtils", "WindowsUtils\WindowsUtils.vcxproj", "{BE8A36C4-5EAC-41B9-AFA8-05EE7B1438D9}"
EndProject
Global
	GlobalSection(SolutionConfigurationPlatforms) = preSolution
		Debug|x64 = Debug|x64
		Debug|x86 = Debug|x86
		Release|x64 = Release|x64
		Release|x86 = Release|x86
	EndGlobalSection
	GlobalSection(ProjectConfigurationPlatforms) = postSolution
		{E0AB2794-55F4-4422-9028-9FFCA8FDAC59}.Debug|x64.ActiveCfg = Debug|x64
		{E0AB2794-55F4-4422-9028-9FFCA8FDAC59}.Debug|x64.Build.0 = Debug|x64
		{E0AB2794-55F4-4422-9028-9FFCA8FDAC59}.Debug|x86.ActiveCfg = Debug|Win32
		{E0AB2794-55F4-4422-9028-9FFCA8FDAC59}.Debug|x86.Build.0 = Debug|Win32
		{E0AB2794-55F4-4422-9028-9FFCA8FDAC59}.Release|x64.ActiveCfg = Release|x64
		{E0AB2794-55F4-4422-9028-9FFCA8FDAC59}.Release|x64.Build.0 = Release|x64
		{E0AB2794-55F4-4422-9028-9FFCA8FDAC59}.Release|x86.ActiveCfg = Release|Win32
		{E0AB2794-55F4-4422-9028-9FFCA8FDAC59}.Release|x86.Build.0 = Release|Win32
		{20E69F6A-6870-4D17-AF65-ED9AFE177B24}.Debug|x64.ActiveCfg = Debug|x64
		{20E69F6A-6870-4D17-AF65-ED9AFE177B24}.Debug|x64.Build.0 = Debug|x64
		{20E69F6A-6870-4D17-AF65-ED9AFE177B24}.Debug|x86.ActiveCfg = Debug|Win32
		{20E69F6A-6870-4D17-AF65-ED9AFE177B24}.Debug|x86.Build.0 = Debug|Win32
		{20E69F6A-6870-4D17-AF65-ED9AFE177B24}.Release|x64.ActiveCfg = Release|x64
		{20E69F6A-6870-4D17-AF65-ED9AFE177B24}.Release|x64.Build.0 = Release|x64
		{20E69F6A-6870-4D17-AF65-ED9AFE177B24}.Release|x86.ActiveCfg = Release|Win32
		{20E69F6A-6870-4D17-AF65-ED9AFE177B24}.Release|x86.Build.0 = Release|Win32
		{2AC8E46C-1F62-4A6B-8FF1-C1CD5A752E7C}.Debug|x64.ActiveCfg = Debug|x64
		{2AC8E46C-1F62-4A6B-8FF1-C1CD5A752E7C}.Debug|x64.Build.0 = Debug|x64
		{2AC8E46C-1F62-4A6B-8FF1-C1CD5A752E7C}.Debug|x86.ActiveCfg = Debug|Win32
		{2AC8E46C-1F62-4A6B-8FF1-C1CD5A752E7C}.Debug|x86.Build.0 = Debug|Win32
		{2AC8E46C-1F62-4A6B-8FF1-C1CD5A752E7C}.Release|x64.ActiveCfg = Release|x64
		{2AC8E46C-1F62-4A6B-8FF1-C1CD5A752E7C}.Release|x64.Build.0 = Release|x64
		{2AC8E46C-1F62-4A6B-8FF1-C1CD5A752E7C}.Release|x86.ActiveCfg = Release|Win32
		{2AC8E46C-1F62-4A6B-8FF1-C1CD5A752E7C}.Release|x86.Build.0 = Release|Win32
		{56DBA40F-5C9A-4EDE-8D5C-A8ECFF295542}.Debug|x64.ActiveCfg = Debug|x64
		{56DBA40F-5C9A-4EDE-8D5C-A8ECFF295542}.Debug|x64.Build.0 = Debug|x64
		{56DBA40F-5C9A-4EDE-8D5C-A8ECFF295542}.Debug|x86.ActiveCfg = Debug|Win32
		{56DBA40F-5C9A-4EDE-8D5C-A8ECFF295542}.Debug|x86.Build.0 = Debug|Win32
		{56DBA40F-5C9A-4EDE-8D5C-A8ECFF295542}.Release|x64.ActiveCfg = Release|x64
		{56DBA40F-5C9A-4EDE-8D5C-A8ECFF295542}.Release|x64.Build.0 = Release|x64
		{56DBA40F-5C9A-4EDE-8D5C-A8ECFF295542}.Release|x86.ActiveCfg = Release|Win32
		{56DBA40F-5C9A-4EDE-8D5C-A8ECFF295542}.Release|x86.Build.0 = Release|Win32
		{FA0456E7-0D61-4810-BC94-FB2EB9D6E2E0}.Debug|x64.ActiveCfg = Debug|x64
		{FA0456E7-0D61-4810-BC94-FB2EB9D6E2E0}.Debug|x64.Build.0 = Debug|x64
		{FA0456E7-0D61-4810-BC94-FB2EB9D6E2E0}.Debug|x86.ActiveCfg = Debug|Win32
		{FA0456E7-0D61-4810-BC94-FB2EB9D6E2E0}.Debug|x86.Build.0 = Debug|Win32
		{FA0456E7-0D61-4810-BC94-FB2EB9D6E2E0}.Release|x64.ActiveCfg = Release|x64
		{FA0456E7-0D61-4810-BC94-FB2EB9D6E2E0}.Release|x64.Build.0 = Release|x64
		{FA0456E7-0D61-4810-BC94-FB2EB9D6E2E0}.Release|x86.ActiveCfg = Release|Win32
		{FA0456E7-0D61-4810-BC94-FB2EB9D6E2E0}.Release|x86.Build.0 = Release|Win32
		{BE8A36C4-5EAC-41B9-AFA8-05EE7B1438D9}.Debug|x64.ActiveCfg = Debug|x64
		{BE8A36C4-5EAC-41B9-AFA8-05EE7B1438D9}.Debug|x64.Build.0 = Debug|x64
		{BE8A36C4-5EAC-41B9-AFA8-05EE7B1438D9}.Debug|x86.ActiveCfg = Debug|Win32
		{BE8A36C4-5EAC-41B9-AFA8-05EE7B1438D9}.Debug|x86.Build.0 = Debug|Win32
		{BE8A36C4-5EAC-41B9-AFA8-05EE7B1438D9}.Release|x64.ActiveCfg = Release|x64
		{BE8A36C4-5EAC-41B9-AFA8-05EE7B1438D9}.Release|x64.Build.0 = Release|x64
		{BE8A36C4-5EAC-41B9-AFA8-05EE7B1438D9}.Release|x86.ActiveCfg = Release|Win32
		{BE8A36C4-5EAC-41B9-AFA8-05EE7B1438D9}.Release|x86.Build.0 = Release|Win32
	EndGlobalSection
	GlobalSection(SolutionProperties) = preSolution
		HideSolutionNode = FALSE
	EndGlobalSection
EndGlobal
